
Microsoft Visual Studio Solution File, Format Version 12.00
# Visual Studio Version 17
VisualStudioVersion = 17.10.34928.147
MinimumVisualStudioVersion = 10.0.40219.1
Project("{9A19103F-16F7-4668-BE54-9A1E7A4F7556}") = "Notes.Identity", "Notes.Identity\Notes.Identity.csproj", "{D1135C63-5C2A-4974-A5A4-672FE0B709BB}"
EndProject
Global
	GlobalSection(SolutionConfigurationPlatforms) = preSolution
		Debug|Any CPU = Debug|Any CPU
		Release|Any CPU = Release|Any CPU
	EndGlobalSection
	GlobalSection(ProjectConfigurationPlatforms) = postSolution
		{D1135C63-5C2A-4974-A5A4-672FE0B709BB}.Debug|Any CPU.ActiveCfg = Debug|Any CPU
		{D1135C63-5C2A-4974-A5A4-672FE0B709BB}.Debug|Any CPU.Build.0 = Debug|Any CPU
		{D1135C63-5C2A-4974-A5A4-672FE0B709BB}.Release|Any CPU.ActiveCfg = Release|Any CPU
		{D1135C63-5C2A-4974-A5A4-672FE0B709BB}.Release|Any CPU.Build.0 = Release|Any CPU
	EndGlobalSection
	GlobalSection(SolutionProperties) = preSolution
		HideSolutionNode = FALSE
	EndGlobalSection
	GlobalSection(ExtensibilityGlobals) = postSolution
		SolutionGuid = {B8A093CE-C878-43E1-BEBC-738583C414A4}
	EndGlobalSection
EndGlobal
